
Microsoft Visual Studio Solution File, Format Version 12.00
# Visual Studio Version 17
VisualStudioVersion = 17.8.34322.80
MinimumVisualStudioVersion = 10.0.40219.1
Project("{FAE04EC0-301F-11D3-BF4B-00C04F79EFBC}") = "LMS.API", "LMS.API\LMS.API.csproj", "{849B15B2-5C72-42CB-BC43-820743D678E4}"
EndProject
Global
	GlobalSection(SolutionConfigurationPlatforms) = preSolution
		Debug|Any CPU = Debug|Any CPU
		Release|Any CPU = Release|Any CPU
	EndGlobalSection
	GlobalSection(ProjectConfigurationPlatforms) = postSolution
		{849B15B2-5C72-42CB-BC43-820743D678E4}.Debug|Any CPU.ActiveCfg = Debug|Any CPU
		{849B15B2-5C72-42CB-BC43-820743D678E4}.Debug|Any CPU.Build.0 = Debug|Any CPU
		{849B15B2-5C72-42CB-BC43-820743D678E4}.Release|Any CPU.ActiveCfg = Release|Any CPU
		{849B15B2-5C72-42CB-BC43-820743D678E4}.Release|Any CPU.Build.0 = Release|Any CPU
	EndGlobalSection
	GlobalSection(SolutionProperties) = preSolution
		HideSolutionNode = FALSE
	EndGlobalSection
	GlobalSection(ExtensibilityGlobals) = postSolution
		SolutionGuid = {FFB3907D-31B1-4985-8AA9-A2B4A2F2BB8F}
	EndGlobalSection
EndGlobal
